
Microsoft Visual Studio Solution File, Format Version 12.00
# Visual Studio Version 17
VisualStudioVersion = 17.11.35312.102
MinimumVisualStudioVersion = 10.0.40219.1
Project("{FAE04EC0-301F-11D3-BF4B-00C04F79EFBC}") = "ejercicio4", "ejercicio4.csproj", "{96DA27FE-ED14-4E8F-B7DB-773BB932C8D3}"
EndProject
Global
	GlobalSection(SolutionConfigurationPlatforms) = preSolution
		Debug|Any CPU = Debug|Any CPU
		Release|Any CPU = Release|Any CPU
	EndGlobalSection
	GlobalSection(ProjectConfigurationPlatforms) = postSolution
		{96DA27FE-ED14-4E8F-B7DB-773BB932C8D3}.Debug|Any CPU.ActiveCfg = Debug|Any CPU
		{96DA27FE-ED14-4E8F-B7DB-773BB932C8D3}.Debug|Any CPU.Build.0 = Debug|Any CPU
		{96DA27FE-ED14-4E8F-B7DB-773BB932C8D3}.Release|Any CPU.ActiveCfg = Release|Any CPU
		{96DA27FE-ED14-4E8F-B7DB-773BB932C8D3}.Release|Any CPU.Build.0 = Release|Any CPU
	EndGlobalSection
	GlobalSection(SolutionProperties) = preSolution
		HideSolutionNode = FALSE
	EndGlobalSection
	GlobalSection(ExtensibilityGlobals) = postSolution
		SolutionGuid = {38B43A87-DB66-45AB-BBB4-EB68B4ACEC1B}
	EndGlobalSection
EndGlobal
