
Microsoft Visual Studio Solution File, Format Version 12.00
# Visual Studio Version 17
VisualStudioVersion = 17.11.35312.102
MinimumVisualStudioVersion = 10.0.40219.1
Project("{FAE04EC0-301F-11D3-BF4B-00C04F79EFBC}") = "Entidades", "Entidades\Entidades.csproj", "{DBC0A6BE-F46A-4915-8B9D-C85D34642A8E}"
EndProject
Project("{FAE04EC0-301F-11D3-BF4B-00C04F79EFBC}") = "AccesoDatos", "AccesoDatos\AccesoDatos.csproj", "{83DA72E5-CACB-4989-BF87-7CBE46F6ED8B}"
EndProject
Project("{FAE04EC0-301F-11D3-BF4B-00C04F79EFBC}") = "negocio", "negocio\negocio.csproj", "{4E3C014D-32FA-4726-A2C5-34353C1C6E7F}"
EndProject
Project("{FAE04EC0-301F-11D3-BF4B-00C04F79EFBC}") = "presentacion", "presentacion\presentacion.csproj", "{AF073D20-F895-4404-B19E-A0A1BAC1A019}"
EndProject
Global
	GlobalSection(SolutionConfigurationPlatforms) = preSolution
		Debug|Any CPU = Debug|Any CPU
		Release|Any CPU = Release|Any CPU
	EndGlobalSection
	GlobalSection(ProjectConfigurationPlatforms) = postSolution
		{DBC0A6BE-F46A-4915-8B9D-C85D34642A8E}.Debug|Any CPU.ActiveCfg = Debug|Any CPU
		{DBC0A6BE-F46A-4915-8B9D-C85D34642A8E}.Debug|Any CPU.Build.0 = Debug|Any CPU
		{DBC0A6BE-F46A-4915-8B9D-C85D34642A8E}.Release|Any CPU.ActiveCfg = Release|Any CPU
		{DBC0A6BE-F46A-4915-8B9D-C85D34642A8E}.Release|Any CPU.Build.0 = Release|Any CPU
		{83DA72E5-CACB-4989-BF87-7CBE46F6ED8B}.Debug|Any CPU.ActiveCfg = Debug|Any CPU
		{83DA72E5-CACB-4989-BF87-7CBE46F6ED8B}.Debug|Any CPU.Build.0 = Debug|Any CPU
		{83DA72E5-CACB-4989-BF87-7CBE46F6ED8B}.Release|Any CPU.ActiveCfg = Release|Any CPU
		{83DA72E5-CACB-4989-BF87-7CBE46F6ED8B}.Release|Any CPU.Build.0 = Release|Any CPU
		{4E3C014D-32FA-4726-A2C5-34353C1C6E7F}.Debug|Any CPU.ActiveCfg = Debug|Any CPU
		{4E3C014D-32FA-4726-A2C5-34353C1C6E7F}.Debug|Any CPU.Build.0 = Debug|Any CPU
		{4E3C014D-32FA-4726-A2C5-34353C1C6E7F}.Release|Any CPU.ActiveCfg = Release|Any CPU
		{4E3C014D-32FA-4726-A2C5-34353C1C6E7F}.Release|Any CPU.Build.0 = Release|Any CPU
		{AF073D20-F895-4404-B19E-A0A1BAC1A019}.Debug|Any CPU.ActiveCfg = Debug|Any CPU
		{AF073D20-F895-4404-B19E-A0A1BAC1A019}.Debug|Any CPU.Build.0 = Debug|Any CPU
		{AF073D20-F895-4404-B19E-A0A1BAC1A019}.Release|Any CPU.ActiveCfg = Release|Any CPU
		{AF073D20-F895-4404-B19E-A0A1BAC1A019}.Release|Any CPU.Build.0 = Release|Any CPU
	EndGlobalSection
	GlobalSection(SolutionProperties) = preSolution
		HideSolutionNode = FALSE
	EndGlobalSection
	GlobalSection(ExtensibilityGlobals) = postSolution
		SolutionGuid = {5C888731-6750-4FC9-8F9D-AAB92D0689BC}
	EndGlobalSection
EndGlobal
