
Microsoft Visual Studio Solution File, Format Version 12.00
# Visual Studio Version 17
VisualStudioVersion = 17.11.35312.102
MinimumVisualStudioVersion = 10.0.40219.1
Project("{FAE04EC0-301F-11D3-BF4B-00C04F79EFBC}") = "ejercicio1", "ejercicio1.csproj", "{F4FEFAF8-D8B3-41F3-9878-146F2E550145}"
EndProject
Global
	GlobalSection(SolutionConfigurationPlatforms) = preSolution
		Debug|Any CPU = Debug|Any CPU
		Release|Any CPU = Release|Any CPU
	EndGlobalSection
	GlobalSection(ProjectConfigurationPlatforms) = postSolution
		{F4FEFAF8-D8B3-41F3-9878-146F2E550145}.Debug|Any CPU.ActiveCfg = Debug|Any CPU
		{F4FEFAF8-D8B3-41F3-9878-146F2E550145}.Debug|Any CPU.Build.0 = Debug|Any CPU
		{F4FEFAF8-D8B3-41F3-9878-146F2E550145}.Release|Any CPU.ActiveCfg = Release|Any CPU
		{F4FEFAF8-D8B3-41F3-9878-146F2E550145}.Release|Any CPU.Build.0 = Release|Any CPU
	EndGlobalSection
	GlobalSection(SolutionProperties) = preSolution
		HideSolutionNode = FALSE
	EndGlobalSection
	GlobalSection(ExtensibilityGlobals) = postSolution
		SolutionGuid = {E232E44E-F059-440E-B0E4-526FD088E162}
	EndGlobalSection
EndGlobal
