
Microsoft Visual Studio Solution File, Format Version 12.00
# Visual Studio Version 17
VisualStudioVersion = 17.11.35312.102
MinimumVisualStudioVersion = 10.0.40219.1
Project("{FAE04EC0-301F-11D3-BF4B-00C04F79EFBC}") = "ejercicio10 con arreglo", "ejercicio10 con arreglo.csproj", "{0A705488-2A9E-4ED4-BC8F-3A69C1499B4A}"
EndProject
Global
	GlobalSection(SolutionConfigurationPlatforms) = preSolution
		Debug|Any CPU = Debug|Any CPU
		Release|Any CPU = Release|Any CPU
	EndGlobalSection
	GlobalSection(ProjectConfigurationPlatforms) = postSolution
		{0A705488-2A9E-4ED4-BC8F-3A69C1499B4A}.Debug|Any CPU.ActiveCfg = Debug|Any CPU
		{0A705488-2A9E-4ED4-BC8F-3A69C1499B4A}.Debug|Any CPU.Build.0 = Debug|Any CPU
		{0A705488-2A9E-4ED4-BC8F-3A69C1499B4A}.Release|Any CPU.ActiveCfg = Release|Any CPU
		{0A705488-2A9E-4ED4-BC8F-3A69C1499B4A}.Release|Any CPU.Build.0 = Release|Any CPU
	EndGlobalSection
	GlobalSection(SolutionProperties) = preSolution
		HideSolutionNode = FALSE
	EndGlobalSection
	GlobalSection(ExtensibilityGlobals) = postSolution
		SolutionGuid = {A1C87E14-2C35-4B54-8C2F-FA50F0C3892E}
	EndGlobalSection
EndGlobal
