
Microsoft Visual Studio Solution File, Format Version 12.00
# Visual Studio Version 17
VisualStudioVersion = 17.13.35828.75 d17.13
MinimumVisualStudioVersion = 10.0.40219.1
Project("{FAE04EC0-301F-11D3-BF4B-00C04F79EFBC}") = "CapaPresentacion", "CapaPresentacion\CapaPresentacion.csproj", "{483363EA-58FE-4DAE-82CA-24A4441AF6A4}"
EndProject
Project("{FAE04EC0-301F-11D3-BF4B-00C04F79EFBC}") = "capaNegocio", "capaNegocio\capaNegocio.csproj", "{86BD122F-125B-4B71-B0D0-B49D5E2B740C}"
EndProject
Project("{FAE04EC0-301F-11D3-BF4B-00C04F79EFBC}") = "capaDatos", "capaDatos\capaDatos.csproj", "{17402650-0EEB-4096-9536-262DE7332D23}"
EndProject
Global
	GlobalSection(SolutionConfigurationPlatforms) = preSolution
		Debug|Any CPU = Debug|Any CPU
		Release|Any CPU = Release|Any CPU
	EndGlobalSection
	GlobalSection(ProjectConfigurationPlatforms) = postSolution
		{483363EA-58FE-4DAE-82CA-24A4441AF6A4}.Debug|Any CPU.ActiveCfg = Debug|Any CPU
		{483363EA-58FE-4DAE-82CA-24A4441AF6A4}.Debug|Any CPU.Build.0 = Debug|Any CPU
		{483363EA-58FE-4DAE-82CA-24A4441AF6A4}.Release|Any CPU.ActiveCfg = Release|Any CPU
		{483363EA-58FE-4DAE-82CA-24A4441AF6A4}.Release|Any CPU.Build.0 = Release|Any CPU
		{86BD122F-125B-4B71-B0D0-B49D5E2B740C}.Debug|Any CPU.ActiveCfg = Debug|Any CPU
		{86BD122F-125B-4B71-B0D0-B49D5E2B740C}.Debug|Any CPU.Build.0 = Debug|Any CPU
		{86BD122F-125B-4B71-B0D0-B49D5E2B740C}.Release|Any CPU.ActiveCfg = Release|Any CPU
		{86BD122F-125B-4B71-B0D0-B49D5E2B740C}.Release|Any CPU.Build.0 = Release|Any CPU
		{17402650-0EEB-4096-9536-262DE7332D23}.Debug|Any CPU.ActiveCfg = Debug|Any CPU
		{17402650-0EEB-4096-9536-262DE7332D23}.Debug|Any CPU.Build.0 = Debug|Any CPU
		{17402650-0EEB-4096-9536-262DE7332D23}.Release|Any CPU.ActiveCfg = Release|Any CPU
		{17402650-0EEB-4096-9536-262DE7332D23}.Release|Any CPU.Build.0 = Release|Any CPU
	EndGlobalSection
	GlobalSection(SolutionProperties) = preSolution
		HideSolutionNode = FALSE
	EndGlobalSection
	GlobalSection(ExtensibilityGlobals) = postSolution
		SolutionGuid = {78FB0BD9-60C2-42BC-B855-3DE0E9CE1C1F}
	EndGlobalSection
EndGlobal
