
Microsoft Visual Studio Solution File, Format Version 12.00
# Visual Studio Version 17
VisualStudioVersion = 17.11.35312.102
MinimumVisualStudioVersion = 10.0.40219.1
Project("{FAE04EC0-301F-11D3-BF4B-00C04F79EFBC}") = "ejercicio3", "ejercicio3.csproj", "{D75E3ABE-BED6-4413-A0F4-E9FCC6AAC20C}"
EndProject
Global
	GlobalSection(SolutionConfigurationPlatforms) = preSolution
		Debug|Any CPU = Debug|Any CPU
		Release|Any CPU = Release|Any CPU
	EndGlobalSection
	GlobalSection(ProjectConfigurationPlatforms) = postSolution
		{D75E3ABE-BED6-4413-A0F4-E9FCC6AAC20C}.Debug|Any CPU.ActiveCfg = Debug|Any CPU
		{D75E3ABE-BED6-4413-A0F4-E9FCC6AAC20C}.Debug|Any CPU.Build.0 = Debug|Any CPU
		{D75E3ABE-BED6-4413-A0F4-E9FCC6AAC20C}.Release|Any CPU.ActiveCfg = Release|Any CPU
		{D75E3ABE-BED6-4413-A0F4-E9FCC6AAC20C}.Release|Any CPU.Build.0 = Release|Any CPU
	EndGlobalSection
	GlobalSection(SolutionProperties) = preSolution
		HideSolutionNode = FALSE
	EndGlobalSection
	GlobalSection(ExtensibilityGlobals) = postSolution
		SolutionGuid = {D7AB5C65-2F97-4A30-9D8A-627D8236B6E5}
	EndGlobalSection
EndGlobal
