
Microsoft Visual Studio Solution File, Format Version 12.00
# Visual Studio Version 17
VisualStudioVersion = 17.11.35312.102
MinimumVisualStudioVersion = 10.0.40219.1
Project("{FAE04EC0-301F-11D3-BF4B-00C04F79EFBC}") = "ejercicio5", "ejercicio5.csproj", "{F785EC1C-C994-46CF-BFE4-DDFD0069BB7B}"
EndProject
Global
	GlobalSection(SolutionConfigurationPlatforms) = preSolution
		Debug|Any CPU = Debug|Any CPU
		Release|Any CPU = Release|Any CPU
	EndGlobalSection
	GlobalSection(ProjectConfigurationPlatforms) = postSolution
		{F785EC1C-C994-46CF-BFE4-DDFD0069BB7B}.Debug|Any CPU.ActiveCfg = Debug|Any CPU
		{F785EC1C-C994-46CF-BFE4-DDFD0069BB7B}.Debug|Any CPU.Build.0 = Debug|Any CPU
		{F785EC1C-C994-46CF-BFE4-DDFD0069BB7B}.Release|Any CPU.ActiveCfg = Release|Any CPU
		{F785EC1C-C994-46CF-BFE4-DDFD0069BB7B}.Release|Any CPU.Build.0 = Release|Any CPU
	EndGlobalSection
	GlobalSection(SolutionProperties) = preSolution
		HideSolutionNode = FALSE
	EndGlobalSection
	GlobalSection(ExtensibilityGlobals) = postSolution
		SolutionGuid = {5638BCFA-A02B-4796-9358-F7E56E9077F5}
	EndGlobalSection
EndGlobal
