
Microsoft Visual Studio Solution File, Format Version 12.00
# Visual Studio Version 17
VisualStudioVersion = 17.11.35312.102
MinimumVisualStudioVersion = 10.0.40219.1
Project("{FAE04EC0-301F-11D3-BF4B-00C04F79EFBC}") = "ejercicio1", "ejercicio1.csproj", "{045236F3-AC81-48FB-8624-A8297CE17A6B}"
EndProject
Global
	GlobalSection(SolutionConfigurationPlatforms) = preSolution
		Debug|Any CPU = Debug|Any CPU
		Release|Any CPU = Release|Any CPU
	EndGlobalSection
	GlobalSection(ProjectConfigurationPlatforms) = postSolution
		{045236F3-AC81-48FB-8624-A8297CE17A6B}.Debug|Any CPU.ActiveCfg = Debug|Any CPU
		{045236F3-AC81-48FB-8624-A8297CE17A6B}.Debug|Any CPU.Build.0 = Debug|Any CPU
		{045236F3-AC81-48FB-8624-A8297CE17A6B}.Release|Any CPU.ActiveCfg = Release|Any CPU
		{045236F3-AC81-48FB-8624-A8297CE17A6B}.Release|Any CPU.Build.0 = Release|Any CPU
	EndGlobalSection
	GlobalSection(SolutionProperties) = preSolution
		HideSolutionNode = FALSE
	EndGlobalSection
	GlobalSection(ExtensibilityGlobals) = postSolution
		SolutionGuid = {44BDFC06-F4A7-45B7-AB82-BB8D3F07132A}
	EndGlobalSection
EndGlobal
