
Microsoft Visual Studio Solution File, Format Version 12.00
# Visual Studio Version 17
VisualStudioVersion = 17.11.35312.102
MinimumVisualStudioVersion = 10.0.40219.1
Project("{FAE04EC0-301F-11D3-BF4B-00C04F79EFBC}") = "ejercicio2", "ejercicio2.csproj", "{7C725727-16D3-4A65-92B7-F308DB1D38F4}"
EndProject
Global
	GlobalSection(SolutionConfigurationPlatforms) = preSolution
		Debug|Any CPU = Debug|Any CPU
		Release|Any CPU = Release|Any CPU
	EndGlobalSection
	GlobalSection(ProjectConfigurationPlatforms) = postSolution
		{7C725727-16D3-4A65-92B7-F308DB1D38F4}.Debug|Any CPU.ActiveCfg = Debug|Any CPU
		{7C725727-16D3-4A65-92B7-F308DB1D38F4}.Debug|Any CPU.Build.0 = Debug|Any CPU
		{7C725727-16D3-4A65-92B7-F308DB1D38F4}.Release|Any CPU.ActiveCfg = Release|Any CPU
		{7C725727-16D3-4A65-92B7-F308DB1D38F4}.Release|Any CPU.Build.0 = Release|Any CPU
	EndGlobalSection
	GlobalSection(SolutionProperties) = preSolution
		HideSolutionNode = FALSE
	EndGlobalSection
	GlobalSection(ExtensibilityGlobals) = postSolution
		SolutionGuid = {BE47AAD0-CDB1-4966-8070-C16A8CA01836}
	EndGlobalSection
EndGlobal
